// !$*UTF8*$!
{
	archiveVersion = 1;
	classes = {
	};
	objectVersion = 77;
	objects = {

/* Begin PBXBuildFile section */
		A10000000000000000000001 /* AppDelegate.swift in Sources */ = {isa = PBXBuildFile; fileRef = A10000000000000000000011 /* AppDelegate.swift */; };
		A10000000000000000000002 /* DiskSpaceMonitor.swift in Sources */ = {isa = PBXBuildFile; fileRef = A10000000000000000000012 /* DiskSpaceMonitor.swift */; };
		A10000000000000000000003 /* Assets.xcassets in Resources */ = {isa = PBXBuildFile; fileRef = A10000000000000000000013 /* Assets.xcassets */; };
		A10000000000000000000004 /* main.swift in Sources */ = {isa = PBXBuildFile; fileRef = A10000000000000000000014 /* main.swift */; };
/* End PBXBuildFile section */

/* Begin PBXFileReference section */
		A10000000000000000000010 /* DiskWatcher.app */ = {isa = PBXFileReference; explicitFileType = wrapper.application; includeInIndex = 0; path = DiskWatcher.app; sourceTree = BUILT_PRODUCTS_DIR; };
		A10000000000000000000011 /* AppDelegate.swift */ = {isa = PBXFileReference; lastKnownFileType = sourcecode.swift; path = AppDelegate.swift; sourceTree = "<group>"; };
		A10000000000000000000012 /* DiskSpaceMonitor.swift */ = {isa = PBXFileReference; lastKnownFileType = sourcecode.swift; path = DiskSpaceMonitor.swift; sourceTree = "<group>"; };
		A10000000000000000000013 /* Assets.xcassets */ = {isa = PBXFileReference; lastKnownFileType = folder.assetcatalog; path = Assets.xcassets; sourceTree = "<group>"; };
		A10000000000000000000014 /* main.swift */ = {isa = PBXFileReference; lastKnownFileType = sourcecode.swift; path = main.swift; sourceTree = "<group>"; };
		A10000000000000000000016 /* Base.xcconfig */ = {isa = PBXFileReference; lastKnownFileType = text.xcconfig; path = Base.xcconfig; sourceTree = "<group>"; };
		A10000000000000000000015 /* Versioning.xcconfig */ = {isa = PBXFileReference; lastKnownFileType = text.xcconfig; path = Versioning.xcconfig; sourceTree = "<group>"; };
		A10000000000000000000017 /* TargetCommon.xcconfig */ = {isa = PBXFileReference; lastKnownFileType = text.xcconfig; path = TargetCommon.xcconfig; sourceTree = "<group>"; };
		A10000000000000000000018 /* TargetDebug.xcconfig */ = {isa = PBXFileReference; lastKnownFileType = text.xcconfig; path = TargetDebug.xcconfig; sourceTree = "<group>"; };
		A10000000000000000000019 /* TargetRelease.xcconfig */ = {isa = PBXFileReference; lastKnownFileType = text.xcconfig; path = TargetRelease.xcconfig; sourceTree = "<group>"; };
/* End PBXFileReference section */

/* Begin PBXFrameworksBuildPhase section */
		A10000000000000000000020 /* Frameworks */ = {
			isa = PBXFrameworksBuildPhase;
			buildActionMask = 2147483647;
			files = (
			);
			runOnlyForDeploymentPostprocessing = 0;
		};
/* End PBXFrameworksBuildPhase section */

/* Begin PBXShellScriptBuildPhase section */
		A10000000000000000000023 /* Versioning */ = {
			isa = PBXShellScriptBuildPhase;
			buildActionMask = 2147483647;
			files = (
			);
			inputFileListPaths = (
			);
			inputPaths = (
			);
			name = Versioning;
			outputFileListPaths = (
			);
			outputPaths = (
			);
			runOnlyForDeploymentPostprocessing = 0;
			shellPath = /bin/sh;
			shellScript = "set -euo pipefail\n\nif [ \"${CONFIGURATION}\" != \"Release\" ]; then\n  exit 0\nfi\n\nPLIST_PATH=\"${TARGET_BUILD_DIR}/${INFOPLIST_PATH}\"\n\nif [ \"${GITHUB_ACTIONS:-}\" = \"true\" ] || [ -n \"${CI:-}\" ]; then\n  BUILD_NUMBER=\"${CURRENT_PROJECT_VERSION}\"\nelse\n  BUILD_NUMBER=\"$(git -C \"${PROJECT_DIR}\" rev-list --count HEAD)\"\nfi\n\nif ! echo \"${BUILD_NUMBER}\" | grep -Eq '^[0-9]+$'; then\n  BUILD_NUMBER=\"1\"\nfi\n\n/usr/libexec/PlistBuddy -c \"Set :CFBundleVersion ${BUILD_NUMBER}\" \"${PLIST_PATH}\" 2>/dev/null || \\\n  /usr/libexec/PlistBuddy -c \"Add :CFBundleVersion string ${BUILD_NUMBER}\" \"${PLIST_PATH}\"";
		};
/* End PBXShellScriptBuildPhase section */

/* Begin PBXGroup section */
		A10000000000000000000030 = {
			isa = PBXGroup;
			children = (
				A10000000000000000000033 /* Config */,
				A10000000000000000000031 /* DiskWatcher */,
				A10000000000000000000032 /* Products */,
			);
			sourceTree = "<group>";
		};
		A10000000000000000000033 /* Config */ = {
			isa = PBXGroup;
			children = (
				A10000000000000000000016 /* Base.xcconfig */,
				A10000000000000000000015 /* Versioning.xcconfig */,
				A10000000000000000000017 /* TargetCommon.xcconfig */,
				A10000000000000000000018 /* TargetDebug.xcconfig */,
				A10000000000000000000019 /* TargetRelease.xcconfig */,
			);
			path = Config;
			sourceTree = "<group>";
		};
		A10000000000000000000031 /* DiskWatcher */ = {
			isa = PBXGroup;
			children = (
				A10000000000000000000011 /* AppDelegate.swift */,
				A10000000000000000000012 /* DiskSpaceMonitor.swift */,
				A10000000000000000000014 /* main.swift */,
				A10000000000000000000013 /* Assets.xcassets */,
			);
			path = DiskWatcher;
			sourceTree = "<group>";
		};
		A10000000000000000000032 /* Products */ = {
			isa = PBXGroup;
			children = (
				A10000000000000000000010 /* DiskWatcher.app */,
			);
			name = Products;
			sourceTree = "<group>";
		};
/* End PBXGroup section */

/* Begin PBXNativeTarget section */
		A10000000000000000000040 /* DiskWatcher */ = {
			isa = PBXNativeTarget;
			buildConfigurationList = A10000000000000000000050 /* Build configuration list for PBXNativeTarget "DiskWatcher" */;
			buildPhases = (
				A10000000000000000000021 /* Sources */,
				A10000000000000000000020 /* Frameworks */,
				A10000000000000000000022 /* Resources */,
				A10000000000000000000023 /* Versioning */,
			);
			buildRules = (
			);
			dependencies = (
			);
			name = DiskWatcher;
			packageProductDependencies = (
			);
			productName = DiskWatcher;
			productReference = A10000000000000000000010 /* DiskWatcher.app */;
			productType = "com.apple.product-type.application";
		};
/* End PBXNativeTarget section */

/* Begin PBXProject section */
		A10000000000000000000060 /* Project object */ = {
			isa = PBXProject;
			attributes = {
				BuildIndependentTargetsInParallel = 1;
				LastSwiftUpdateCheck = 2630;
				LastUpgradeCheck = 2630;
				TargetAttributes = {
					A10000000000000000000040 = {
						CreatedOnToolsVersion = 26.3;
					};
				};
			};
			buildConfigurationList = A10000000000000000000061 /* Build configuration list for PBXProject "DiskWatcher" */;
			developmentRegion = en;
			hasScannedForEncodings = 0;
			knownRegions = (
				en,
				Base,
			);
			mainGroup = A10000000000000000000030;
			minimizedProjectReferenceProxies = 1;
			preferredProjectObjectVersion = 77;
			productRefGroup = A10000000000000000000032 /* Products */;
			projectDirPath = "";
			projectRoot = "";
			targets = (
				A10000000000000000000040 /* DiskWatcher */,
			);
		};
/* End PBXProject section */

/* Begin PBXResourcesBuildPhase section */
		A10000000000000000000022 /* Resources */ = {
			isa = PBXResourcesBuildPhase;
			buildActionMask = 2147483647;
			files = (
				A10000000000000000000003 /* Assets.xcassets in Resources */,
			);
			runOnlyForDeploymentPostprocessing = 0;
		};
/* End PBXResourcesBuildPhase section */

/* Begin PBXSourcesBuildPhase section */
		A10000000000000000000021 /* Sources */ = {
			isa = PBXSourcesBuildPhase;
			buildActionMask = 2147483647;
			files = (
				A10000000000000000000001 /* AppDelegate.swift in Sources */,
				A10000000000000000000002 /* DiskSpaceMonitor.swift in Sources */,
				A10000000000000000000004 /* main.swift in Sources */,
			);
			runOnlyForDeploymentPostprocessing = 0;
		};
/* End PBXSourcesBuildPhase section */

/* Begin XCBuildConfiguration section */
		A10000000000000000000070 /* Debug */ = {
			isa = XCBuildConfiguration;
			buildSettings = {
			};
			baseConfigurationReference = A10000000000000000000018 /* TargetDebug.xcconfig */;
			name = Debug;
		};
		A10000000000000000000071 /* Release */ = {
			isa = XCBuildConfiguration;
			buildSettings = {
			};
			baseConfigurationReference = A10000000000000000000019 /* TargetRelease.xcconfig */;
			name = Release;
		};
		A10000000000000000000072 /* Debug */ = {
			isa = XCBuildConfiguration;
			buildSettings = {
			};
			baseConfigurationReference = A10000000000000000000015 /* Versioning.xcconfig */;
			name = Debug;
		};
		A10000000000000000000073 /* Release */ = {
			isa = XCBuildConfiguration;
			buildSettings = {
			};
			baseConfigurationReference = A10000000000000000000015 /* Versioning.xcconfig */;
			name = Release;
		};
/* End XCBuildConfiguration section */

/* Begin XCConfigurationList section */
		A10000000000000000000050 /* Build configuration list for PBXNativeTarget "DiskWatcher" */ = {
			isa = XCConfigurationList;
			buildConfigurations = (
				A10000000000000000000070 /* Debug */,
				A10000000000000000000071 /* Release */,
			);
			defaultConfigurationIsVisible = 0;
			defaultConfigurationName = Release;
		};
		A10000000000000000000061 /* Build configuration list for PBXProject "DiskWatcher" */ = {
			isa = XCConfigurationList;
			buildConfigurations = (
				A10000000000000000000072 /* Debug */,
				A10000000000000000000073 /* Release */,
			);
			defaultConfigurationIsVisible = 0;
			defaultConfigurationName = Release;
		};
/* End XCConfigurationList section */
	};
	rootObject = A10000000000000000000060 /* Project object */;
}
